# This file is autogenerated, do not edit; changes may be undone by the next 'dep ensure'.


[[projects]]
  name = "github.com/julienschmidt/httprouter"
  packages = ["."]
  revision = "8c199fb6259ffc1af525cc3ad52ee60ba8359669"
  version = "v1.1"

[[projects]]
  branch = "master"
  name = "github.com/skip2/go-qrcode"
  packages = [".","bitset","reedsolomon"]
  revision = "695fc75a09738f9be56aaa3aecfd7dac28e66b63"

[solve-meta]
  analyzer-name = "dep"
  analyzer-version = 1
  inputs-digest = "b15c035598fc0216c0d7ae985d391e6ba9452190ef5398234f2829dd2929ae37"
  solver-name = "gps-cdcl"
  solver-version = 1
